
Microsoft Visual Studio Solution File, Format Version 12.00
# Visual Studio 15
VisualStudioVersion = 15.0.28010.2016
MinimumVisualStudioVersion = 10.0.40219.1
Project("{8BC9CEB8-8B4A-11D0-8D11-00A0C91BC942}") = "image_processing", "image_processing\image_processing.vcxproj", "{09B7C4F0-A9F6-4B11-9045-B0D225142AEB}"
EndProject
Global
	GlobalSection(SolutionConfigurationPlatforms) = preSolution
		Debug|x64 = Debug|x64
		Debug|x86 = Debug|x86
		Release|x64 = Release|x64
		Release|x86 = Release|x86
	EndGlobalSection
	GlobalSection(ProjectConfigurationPlatforms) = postSolution
		{09B7C4F0-A9F6-4B11-9045-B0D225142AEB}.Debug|x64.ActiveCfg = Debug|x64
		{09B7C4F0-A9F6-4B11-9045-B0D225142AEB}.Debug|x64.Build.0 = Debug|x64
		{09B7C4F0-A9F6-4B11-9045-B0D225142AEB}.Debug|x86.ActiveCfg = Debug|Win32
		{09B7C4F0-A9F6-4B11-9045-B0D225142AEB}.Debug|x86.Build.0 = Debug|Win32
		{09B7C4F0-A9F6-4B11-9045-B0D225142AEB}.Release|x64.ActiveCfg = Release|x64
		{09B7C4F0-A9F6-4B11-9045-B0D225142AEB}.Release|x64.Build.0 = Release|x64
		{09B7C4F0-A9F6-4B11-9045-B0D225142AEB}.Release|x86.ActiveCfg = Release|Win32
		{09B7C4F0-A9F6-4B11-9045-B0D225142AEB}.Release|x86.Build.0 = Release|Win32
	EndGlobalSection
	GlobalSection(SolutionProperties) = preSolution
		HideSolutionNode = FALSE
	EndGlobalSection
	GlobalSection(ExtensibilityGlobals) = postSolution
		SolutionGuid = {417F3A07-10E4-4029-A3B9-E2AD1E80F058}
	EndGlobalSection
EndGlobal
